// !$*UTF8*$!
{
	archiveVersion = 1;
	classes = {
	};
	objectVersion = 46;
	objects = {

/* Begin PBXBuildFile section */
		318F68F71F53F3D400E786B5 /* main.m in Sources */ = {isa = PBXBuildFile; fileRef = 318F68F61F53F3D400E786B5 /* main.m */; };
		318F68FA1F53F3D400E786B5 /* AppDelegate.m in Sources */ = {isa = PBXBuildFile; fileRef = 318F68F91F53F3D400E786B5 /* AppDelegate.m */; };
		318F68FD1F53F3D400E786B5 /* ViewController.m in Sources */ = {isa = PBXBuildFile; fileRef = 318F68FC1F53F3D400E786B5 /* ViewController.m */; };
		318F69001F53F3D400E786B5 /* Main.storyboard in Resources */ = {isa = PBXBuildFile; fileRef = 318F68FE1F53F3D400E786B5 /* Main.storyboard */; };
		318F69021F53F3D400E786B5 /* Assets.xcassets in Resources */ = {isa = PBXBuildFile; fileRef = 318F69011F53F3D400E786B5 /* Assets.xcassets */; };
		318F69051F53F3D400E786B5 /* LaunchScreen.storyboard in Resources */ = {isa = PBXBuildFile; fileRef = 318F69031F53F3D400E786B5 /* LaunchScreen.storyboard */; };
		318F690E1F53F3E700E786B5 /* ListViewController.m in Sources */ = {isa = PBXBuildFile; fileRef = 318F690D1F53F3E700E786B5 /* ListViewController.m */; };
/* End PBXBuildFile section */

/* Begin PBXFileReference section */
		318F68F21F53F3D400E786B5 /* SecondVCDeletesCells.app */ = {isa = PBXFileReference; explicitFileType = wrapper.application; includeInIndex = 0; path = SecondVCDeletesCells.app; sourceTree = BUILT_PRODUCTS_DIR; };
		318F68F61F53F3D400E786B5 /* main.m */ = {isa = PBXFileReference; lastKnownFileType = sourcecode.c.objc; path = main.m; sourceTree = "<group>"; };
		318F68F81F53F3D400E786B5 /* AppDelegate.h */ = {isa = PBXFileReference; lastKnownFileType = sourcecode.c.h; path = AppDelegate.h; sourceTree = "<group>"; };
		318F68F91F53F3D400E786B5 /* AppDelegate.m */ = {isa = PBXFileReference; lastKnownFileType = sourcecode.c.objc; path = AppDelegate.m; sourceTree = "<group>"; };
		318F68FB1F53F3D400E786B5 /* ViewController.h */ = {isa = PBXFileReference; lastKnownFileType = sourcecode.c.h; path = ViewController.h; sourceTree = "<group>"; };
		318F68FC1F53F3D400E786B5 /* ViewController.m */ = {isa = PBXFileReference; lastKnownFileType = sourcecode.c.objc; path = ViewController.m; sourceTree = "<group>"; };
		318F68FF1F53F3D400E786B5 /* Base */ = {isa = PBXFileReference; lastKnownFileType = file.storyboard; name = Base; path = Base.lproj/Main.storyboard; sourceTree = "<group>"; };
		318F69011F53F3D400E786B5 /* Assets.xcassets */ = {isa = PBXFileReference; lastKnownFileType = folder.assetcatalog; path = Assets.xcassets; sourceTree = "<group>"; };
		318F69041F53F3D400E786B5 /* Base */ = {isa = PBXFileReference; lastKnownFileType = file.storyboard; name = Base; path = Base.lproj/LaunchScreen.storyboard; sourceTree = "<group>"; };
		318F69061F53F3D400E786B5 /* Info.plist */ = {isa = PBXFileReference; lastKnownFileType = text.plist.xml; path = Info.plist; sourceTree = "<group>"; };
		318F690C1F53F3E700E786B5 /* ListViewController.h */ = {isa = PBXFileReference; fileEncoding = 4; lastKnownFileType = sourcecode.c.h; path = ListViewController.h; sourceTree = "<group>"; };
		318F690D1F53F3E700E786B5 /* ListViewController.m */ = {isa = PBXFileReference; fileEncoding = 4; lastKnownFileType = sourcecode.c.objc; path = ListViewController.m; sourceTree = "<group>"; };
/* End PBXFileReference section */

/* Begin PBXFrameworksBuildPhase section */
		318F68EF1F53F3D400E786B5 /* Frameworks */ = {
			isa = PBXFrameworksBuildPhase;
			buildActionMask = 2147483647;
			files = (
			);
			runOnlyForDeploymentPostprocessing = 0;
		};
/* End PBXFrameworksBuildPhase section */

/* Begin PBXGroup section */
		318F68E91F53F3D300E786B5 = {
			isa = PBXGroup;
			children = (
				318F68F41F53F3D400E786B5 /* TableSample */,
				318F68F31F53F3D400E786B5 /* Products */,
			);
			sourceTree = "<group>";
		};
		318F68F31F53F3D400E786B5 /* Products */ = {
			isa = PBXGroup;
			children = (
				318F68F21F53F3D400E786B5 /* SecondVCDeletesCells.app */,
			);
			name = Products;
			sourceTree = "<group>";
		};
		318F68F41F53F3D400E786B5 /* TableSample */ = {
			isa = PBXGroup;
			children = (
				318F68F81F53F3D400E786B5 /* AppDelegate.h */,
				318F68F91F53F3D400E786B5 /* AppDelegate.m */,
				318F68FB1F53F3D400E786B5 /* ViewController.h */,
				318F68FC1F53F3D400E786B5 /* ViewController.m */,
				318F690C1F53F3E700E786B5 /* ListViewController.h */,
				318F690D1F53F3E700E786B5 /* ListViewController.m */,
				318F68FE1F53F3D400E786B5 /* Main.storyboard */,
				318F69011F53F3D400E786B5 /* Assets.xcassets */,
				318F69031F53F3D400E786B5 /* LaunchScreen.storyboard */,
				318F69061F53F3D400E786B5 /* Info.plist */,
				318F68F51F53F3D400E786B5 /* Supporting Files */,
			);
			path = TableSample;
			sourceTree = "<group>";
		};
		318F68F51F53F3D400E786B5 /* Supporting Files */ = {
			isa = PBXGroup;
			children = (
				318F68F61F53F3D400E786B5 /* main.m */,
			);
			name = "Supporting Files";
			sourceTree = "<group>";
		};
/* End PBXGroup section */

/* Begin PBXNativeTarget section */
		318F68F11F53F3D400E786B5 /* TableSample */ = {
			isa = PBXNativeTarget;
			buildConfigurationList = 318F69091F53F3D400E786B5 /* Build configuration list for PBXNativeTarget "TableSample" */;
			buildPhases = (
				318F68EE1F53F3D400E786B5 /* Sources */,
				318F68EF1F53F3D400E786B5 /* Frameworks */,
				318F68F01F53F3D400E786B5 /* Resources */,
			);
			buildRules = (
			);
			dependencies = (
			);
			name = TableSample;
			productName = TableSample;
			productReference = 318F68F21F53F3D400E786B5 /* SecondVCDeletesCells.app */;
			productType = "com.apple.product-type.application";
		};
/* End PBXNativeTarget section */

/* Begin PBXProject section */
		318F68EA1F53F3D400E786B5 /* Project object */ = {
			isa = PBXProject;
			attributes = {
				LastUpgradeCheck = 0820;
				ORGANIZATIONNAME = SVinodh;
				TargetAttributes = {
					318F68F11F53F3D400E786B5 = {
						CreatedOnToolsVersion = 8.2.1;
						DevelopmentTeam = VYD5K6JF68;
						ProvisioningStyle = Automatic;
					};
				};
			};
			buildConfigurationList = 318F68ED1F53F3D400E786B5 /* Build configuration list for PBXProject "TableSample" */;
			compatibilityVersion = "Xcode 3.2";
			developmentRegion = English;
			hasScannedForEncodings = 0;
			knownRegions = (
				English,
				en,
				Base,
			);
			mainGroup = 318F68E91F53F3D300E786B5;
			productRefGroup = 318F68F31F53F3D400E786B5 /* Products */;
			projectDirPath = "";
			projectRoot = "";
			targets = (
				318F68F11F53F3D400E786B5 /* TableSample */,
			);
		};
/* End PBXProject section */

/* Begin PBXResourcesBuildPhase section */
		318F68F01F53F3D400E786B5 /* Resources */ = {
			isa = PBXResourcesBuildPhase;
			buildActionMask = 2147483647;
			files = (
				318F69051F53F3D400E786B5 /* LaunchScreen.storyboard in Resources */,
				318F69021F53F3D400E786B5 /* Assets.xcassets in Resources */,
				318F69001F53F3D400E786B5 /* Main.storyboard in Resources */,
			);
			runOnlyForDeploymentPostprocessing = 0;
		};
/* End PBXResourcesBuildPhase section */

/* Begin PBXSourcesBuildPhase section */
		318F68EE1F53F3D400E786B5 /* Sources */ = {
			isa = PBXSourcesBuildPhase;
			buildActionMask = 2147483647;
			files = (
				318F68FD1F53F3D400E786B5 /* ViewController.m in Sources */,
				318F68FA1F53F3D400E786B5 /* AppDelegate.m in Sources */,
				318F690E1F53F3E700E786B5 /* ListViewController.m in Sources */,
				318F68F71F53F3D400E786B5 /* main.m in Sources */,
			);
			runOnlyForDeploymentPostprocessing = 0;
		};
/* End PBXSourcesBuildPhase section */

/* Begin PBXVariantGroup section */
		318F68FE1F53F3D400E786B5 /* Main.storyboard */ = {
			isa = PBXVariantGroup;
			children = (
				318F68FF1F53F3D400E786B5 /* Base */,
			);
			name = Main.storyboard;
			sourceTree = "<group>";
		};
		318F69031F53F3D400E786B5 /* LaunchScreen.storyboard */ = {
			isa = PBXVariantGroup;
			children = (
				318F69041F53F3D400E786B5 /* Base */,
			);
			name = LaunchScreen.storyboard;
			sourceTree = "<group>";
		};
/* End PBXVariantGroup section */

/* Begin XCBuildConfiguration section */
		318F69071F53F3D400E786B5 /* Debug */ = {
			isa = XCBuildConfiguration;
			buildSettings = {
				ALWAYS_SEARCH_USER_PATHS = NO;
				CLANG_ANALYZER_NONNULL = YES;
				CLANG_CXX_LANGUAGE_STANDARD = "gnu++0x";
				CLANG_CXX_LIBRARY = "libc++";
				CLANG_ENABLE_MODULES = YES;
				CLANG_ENABLE_OBJC_ARC = YES;
				CLANG_WARN_BOOL_CONVERSION = YES;
				CLANG_WARN_CONSTANT_CONVERSION = YES;
				CLANG_WARN_DIRECT_OBJC_ISA_USAGE = YES_ERROR;
				CLANG_WARN_DOCUMENTATION_COMMENTS = YES;
				CLANG_WARN_EMPTY_BODY = YES;
				CLANG_WARN_ENUM_CONVERSION = YES;
				CLANG_WARN_INFINITE_RECURSION = YES;
				CLANG_WARN_INT_CONVERSION = YES;
				CLANG_WARN_OBJC_ROOT_CLASS = YES_ERROR;
				CLANG_WARN_SUSPICIOUS_MOVE = YES;
				CLANG_WARN_UNREACHABLE_CODE = YES;
				CLANG_WARN__DUPLICATE_METHOD_MATCH = YES;
				"CODE_SIGN_IDENTITY[sdk=iphoneos*]" = "iPhone Developer";
				COPY_PHASE_STRIP = NO;
				DEBUG_INFORMATION_FORMAT = dwarf;
				ENABLE_STRICT_OBJC_MSGSEND = YES;
				ENABLE_TESTABILITY = YES;
				GCC_C_LANGUAGE_STANDARD = gnu99;
				GCC_DYNAMIC_NO_PIC = NO;
				GCC_NO_COMMON_BLOCKS = YES;
				GCC_OPTIMIZATION_LEVEL = 0;
				GCC_PREPROCESSOR_DEFINITIONS = (
					"DEBUG=1",
					"$(inherited)",
				);
				GCC_WARN_64_TO_32_BIT_CONVERSION = YES;
				GCC_WARN_ABOUT_RETURN_TYPE = YES_ERROR;
				GCC_WARN_UNDECLARED_SELECTOR = YES;
				GCC_WARN_UNINITIALIZED_AUTOS = YES_AGGRESSIVE;
				GCC_WARN_UNUSED_FUNCTION = YES;
				GCC_WARN_UNUSED_VARIABLE = YES;
				IPHONEOS_DEPLOYMENT_TARGET = 10.2;
				MTL_ENABLE_DEBUG_INFO = YES;
				ONLY_ACTIVE_ARCH = YES;
				SDKROOT = iphoneos;
			};
			name = Debug;
		};
		318F69081F53F3D400E786B5 /* Release */ = {
			isa = XCBuildConfiguration;
			buildSettings = {
				ALWAYS_SEARCH_USER_PATHS = NO;
				CLANG_ANALYZER_NONNULL = YES;
				CLANG_CXX_LANGUAGE_STANDARD = "gnu++0x";
				CLANG_CXX_LIBRARY = "libc++";
				CLANG_ENABLE_MODULES = YES;
				CLANG_ENABLE_OBJC_ARC = YES;
				CLANG_WARN_BOOL_CONVERSION = YES;
				CLANG_WARN_CONSTANT_CONVERSION = YES;
				CLANG_WARN_DIRECT_OBJC_ISA_USAGE = YES_ERROR;
				CLANG_WARN_DOCUMENTATION_COMMENTS = YES;
				CLANG_WARN_EMPTY_BODY = YES;
				CLANG_WARN_ENUM_CONVERSION = YES;
				CLANG_WARN_INFINITE_RECURSION = YES;
				CLANG_WARN_INT_CONVERSION = YES;
				CLANG_WARN_OBJC_ROOT_CLASS = YES_ERROR;
				CLANG_WARN_SUSPICIOUS_MOVE = YES;
				CLANG_WARN_UNREACHABLE_CODE = YES;
				CLANG_WARN__DUPLICATE_METHOD_MATCH = YES;
				"CODE_SIGN_IDENTITY[sdk=iphoneos*]" = "iPhone Developer";
				COPY_PHASE_STRIP = NO;
				DEBUG_INFORMATION_FORMAT = "dwarf-with-dsym";
				ENABLE_NS_ASSERTIONS = NO;
				ENABLE_STRICT_OBJC_MSGSEND = YES;
				GCC_C_LANGUAGE_STANDARD = gnu99;
				GCC_NO_COMMON_BLOCKS = YES;
				GCC_WARN_64_TO_32_BIT_CONVERSION = YES;
				GCC_WARN_ABOUT_RETURN_TYPE = YES_ERROR;
				GCC_WARN_UNDECLARED_SELECTOR = YES;
				GCC_WARN_UNINITIALIZED_AUTOS = YES_AGGRESSIVE;
				GCC_WARN_UNUSED_FUNCTION = YES;
				GCC_WARN_UNUSED_VARIABLE = YES;
				IPHONEOS_DEPLOYMENT_TARGET = 10.2;
				MTL_ENABLE_DEBUG_INFO = NO;
				SDKROOT = iphoneos;
				VALIDATE_PRODUCT = YES;
			};
			name = Release;
		};
		318F690A1F53F3D400E786B5 /* Debug */ = {
			isa = XCBuildConfiguration;
			buildSettings = {
				ASSETCATALOG_COMPILER_APPICON_NAME = AppIcon;
				DEVELOPMENT_TEAM = VYD5K6JF68;
				INFOPLIST_FILE = TableSample/Info.plist;
				IPHONEOS_DEPLOYMENT_TARGET = 13.2;
				LD_RUNPATH_SEARCH_PATHS = "$(inherited) @executable_path/Frameworks";
				PRODUCT_BUNDLE_IDENTIFIER = com.sample.MySamples;
				PRODUCT_NAME = SecondVCDeletesCells;
			};
			name = Debug;
		};
		318F690B1F53F3D400E786B5 /* Release */ = {
			isa = XCBuildConfiguration;
			buildSettings = {
				ASSETCATALOG_COMPILER_APPICON_NAME = AppIcon;
				DEVELOPMENT_TEAM = VYD5K6JF68;
				INFOPLIST_FILE = TableSample/Info.plist;
				IPHONEOS_DEPLOYMENT_TARGET = 13.2;
				LD_RUNPATH_SEARCH_PATHS = "$(inherited) @executable_path/Frameworks";
				PRODUCT_BUNDLE_IDENTIFIER = com.sample.MySamples;
				PRODUCT_NAME = SecondVCDeletesCells;
			};
			name = Release;
		};
/* End XCBuildConfiguration section */

/* Begin XCConfigurationList section */
		318F68ED1F53F3D400E786B5 /* Build configuration list for PBXProject "TableSample" */ = {
			isa = XCConfigurationList;
			buildConfigurations = (
				318F69071F53F3D400E786B5 /* Debug */,
				318F69081F53F3D400E786B5 /* Release */,
			);
			defaultConfigurationIsVisible = 0;
			defaultConfigurationName = Release;
		};
		318F69091F53F3D400E786B5 /* Build configuration list for PBXNativeTarget "TableSample" */ = {
			isa = XCConfigurationList;
			buildConfigurations = (
				318F690A1F53F3D400E786B5 /* Debug */,
				318F690B1F53F3D400E786B5 /* Release */,
			);
			defaultConfigurationIsVisible = 0;
			defaultConfigurationName = Release;
		};
/* End XCConfigurationList section */
	};
	rootObject = 318F68EA1F53F3D400E786B5 /* Project object */;
}
